
Microsoft Visual Studio Solution File, Format Version 12.00
# Visual Studio Version 17
VisualStudioVersion = 17.4.33110.190
MinimumVisualStudioVersion = 10.0.40219.1
Project("{FAE04EC0-301F-11D3-BF4B-00C04F79EFBC}") = "Vidly", "Vidly.csproj", "{52FFCA47-01EF-4A83-98D9-97A669D872D3}"
EndProject
Global
	GlobalSection(SolutionConfigurationPlatforms) = preSolution
		Debug|Any CPU = Debug|Any CPU
		Release|Any CPU = Release|Any CPU
	EndGlobalSection
	GlobalSection(ProjectConfigurationPlatforms) = postSolution
		{52FFCA47-01EF-4A83-98D9-97A669D872D3}.Debug|Any CPU.ActiveCfg = Debug|Any CPU
		{52FFCA47-01EF-4A83-98D9-97A669D872D3}.Debug|Any CPU.Build.0 = Debug|Any CPU
		{52FFCA47-01EF-4A83-98D9-97A669D872D3}.Release|Any CPU.ActiveCfg = Release|Any CPU
		{52FFCA47-01EF-4A83-98D9-97A669D872D3}.Release|Any CPU.Build.0 = Release|Any CPU
	EndGlobalSection
	GlobalSection(SolutionProperties) = preSolution
		HideSolutionNode = FALSE
	EndGlobalSection
	GlobalSection(ExtensibilityGlobals) = postSolution
		SolutionGuid = {B458D76F-74E0-41FF-B2A1-1C905C38E5ED}
	EndGlobalSection
EndGlobal
